// !$*UTF8*$!
{
	archiveVersion = 1;
	classes = {
	};
	objectVersion = 56;
	objects = {

/* Begin PBXBuildFile section */
		C42590EC2B4A2B47003063BB /* NetReq_CachingApp.swift in Sources */ = {isa = PBXBuildFile; fileRef = C42590EB2B4A2B47003063BB /* NetReq_CachingApp.swift */; };
		C42590F02B4A2B48003063BB /* Assets.xcassets in Resources */ = {isa = PBXBuildFile; fileRef = C42590EF2B4A2B48003063BB /* Assets.xcassets */; };
		C42590F32B4A2B48003063BB /* Preview Assets.xcassets in Resources */ = {isa = PBXBuildFile; fileRef = C42590F22B4A2B48003063BB /* Preview Assets.xcassets */; };
		C42590FE2B4A3865003063BB /* NetReqCachingDataModel.xcdatamodeld in Sources */ = {isa = PBXBuildFile; fileRef = C42590FC2B4A3865003063BB /* NetReqCachingDataModel.xcdatamodeld */; };
		C42591012B4A58BD003063BB /* Product.swift in Sources */ = {isa = PBXBuildFile; fileRef = C42591002B4A58BD003063BB /* Product.swift */; };
		C42591032B4A58C1003063BB /* Rating.swift in Sources */ = {isa = PBXBuildFile; fileRef = C42591022B4A58C1003063BB /* Rating.swift */; };
		C425910B2B4A6450003063BB /* FakeStoreAPIService.swift in Sources */ = {isa = PBXBuildFile; fileRef = C425910A2B4A6450003063BB /* FakeStoreAPIService.swift */; };
		C425910E2B4A6690003063BB /* CoreDataStack.swift in Sources */ = {isa = PBXBuildFile; fileRef = C425910D2B4A6690003063BB /* CoreDataStack.swift */; };
		C42591112B4A6A1F003063BB /* FakeStoreAPIRepository.swift in Sources */ = {isa = PBXBuildFile; fileRef = C42591102B4A6A1F003063BB /* FakeStoreAPIRepository.swift */; };
		C42591152B4A6D3B003063BB /* ProductGridViewModel.swift in Sources */ = {isa = PBXBuildFile; fileRef = C42591142B4A6D3B003063BB /* ProductGridViewModel.swift */; };
		C42591182B4A6D6D003063BB /* AppStateEnum.swift in Sources */ = {isa = PBXBuildFile; fileRef = C42591172B4A6D6D003063BB /* AppStateEnum.swift */; };
		C425911A2B4A6D97003063BB /* ProductGridView.swift in Sources */ = {isa = PBXBuildFile; fileRef = C42591192B4A6D97003063BB /* ProductGridView.swift */; };
		C425911D2B4A6E20003063BB /* ProductCardComponent.swift in Sources */ = {isa = PBXBuildFile; fileRef = C425911C2B4A6E20003063BB /* ProductCardComponent.swift */; };
/* End PBXBuildFile section */

/* Begin PBXFileReference section */
		C42590E82B4A2B47003063BB /* NetReq Caching.app */ = {isa = PBXFileReference; explicitFileType = wrapper.application; includeInIndex = 0; path = "NetReq Caching.app"; sourceTree = BUILT_PRODUCTS_DIR; };
		C42590EB2B4A2B47003063BB /* NetReq_CachingApp.swift */ = {isa = PBXFileReference; lastKnownFileType = sourcecode.swift; path = NetReq_CachingApp.swift; sourceTree = "<group>"; };
		C42590EF2B4A2B48003063BB /* Assets.xcassets */ = {isa = PBXFileReference; lastKnownFileType = folder.assetcatalog; path = Assets.xcassets; sourceTree = "<group>"; };
		C42590F22B4A2B48003063BB /* Preview Assets.xcassets */ = {isa = PBXFileReference; lastKnownFileType = folder.assetcatalog; path = "Preview Assets.xcassets"; sourceTree = "<group>"; };
		C42590FD2B4A3865003063BB /* NetReqCachingDataModel.xcdatamodel */ = {isa = PBXFileReference; lastKnownFileType = wrapper.xcdatamodel; path = NetReqCachingDataModel.xcdatamodel; sourceTree = "<group>"; };
		C42591002B4A58BD003063BB /* Product.swift */ = {isa = PBXFileReference; lastKnownFileType = sourcecode.swift; path = Product.swift; sourceTree = "<group>"; };
		C42591022B4A58C1003063BB /* Rating.swift */ = {isa = PBXFileReference; lastKnownFileType = sourcecode.swift; path = Rating.swift; sourceTree = "<group>"; };
		C425910A2B4A6450003063BB /* FakeStoreAPIService.swift */ = {isa = PBXFileReference; lastKnownFileType = sourcecode.swift; path = FakeStoreAPIService.swift; sourceTree = "<group>"; };
		C425910D2B4A6690003063BB /* CoreDataStack.swift */ = {isa = PBXFileReference; lastKnownFileType = sourcecode.swift; path = CoreDataStack.swift; sourceTree = "<group>"; };
		C42591102B4A6A1F003063BB /* FakeStoreAPIRepository.swift */ = {isa = PBXFileReference; lastKnownFileType = sourcecode.swift; path = FakeStoreAPIRepository.swift; sourceTree = "<group>"; };
		C42591142B4A6D3B003063BB /* ProductGridViewModel.swift */ = {isa = PBXFileReference; lastKnownFileType = sourcecode.swift; path = ProductGridViewModel.swift; sourceTree = "<group>"; };
		C42591172B4A6D6D003063BB /* AppStateEnum.swift */ = {isa = PBXFileReference; lastKnownFileType = sourcecode.swift; path = AppStateEnum.swift; sourceTree = "<group>"; };
		C42591192B4A6D97003063BB /* ProductGridView.swift */ = {isa = PBXFileReference; lastKnownFileType = sourcecode.swift; path = ProductGridView.swift; sourceTree = "<group>"; };
		C425911C2B4A6E20003063BB /* ProductCardComponent.swift */ = {isa = PBXFileReference; lastKnownFileType = sourcecode.swift; path = ProductCardComponent.swift; sourceTree = "<group>"; };
/* End PBXFileReference section */

/* Begin PBXFrameworksBuildPhase section */
		C42590E52B4A2B47003063BB /* Frameworks */ = {
			isa = PBXFrameworksBuildPhase;
			buildActionMask = 2147483647;
			files = (
			);
			runOnlyForDeploymentPostprocessing = 0;
		};
/* End PBXFrameworksBuildPhase section */

/* Begin PBXGroup section */
		C42590DF2B4A2B47003063BB = {
			isa = PBXGroup;
			children = (
				C42590EA2B4A2B47003063BB /* NetReq Caching */,
				C42590E92B4A2B47003063BB /* Products */,
			);
			sourceTree = "<group>";
		};
		C42590E92B4A2B47003063BB /* Products */ = {
			isa = PBXGroup;
			children = (
				C42590E82B4A2B47003063BB /* NetReq Caching.app */,
			);
			name = Products;
			sourceTree = "<group>";
		};
		C42590EA2B4A2B47003063BB /* NetReq Caching */ = {
			isa = PBXGroup;
			children = (
				C42591092B4A643C003063BB /* Core */,
				C42591082B4A6435003063BB /* Datasource */,
				C42590EF2B4A2B48003063BB /* Assets.xcassets */,
				C42590F12B4A2B48003063BB /* Preview Content */,
			);
			path = "NetReq Caching";
			sourceTree = "<group>";
		};
		C42590F12B4A2B48003063BB /* Preview Content */ = {
			isa = PBXGroup;
			children = (
				C42590F22B4A2B48003063BB /* Preview Assets.xcassets */,
			);
			path = "Preview Content";
			sourceTree = "<group>";
		};
		C42590FF2B4A58B1003063BB /* Models */ = {
			isa = PBXGroup;
			children = (
				C42591002B4A58BD003063BB /* Product.swift */,
				C42591022B4A58C1003063BB /* Rating.swift */,
			);
			path = Models;
			sourceTree = "<group>";
		};
		C42591072B4A642E003063BB /* Services */ = {
			isa = PBXGroup;
			children = (
				C425910A2B4A6450003063BB /* FakeStoreAPIService.swift */,
			);
			path = Services;
			sourceTree = "<group>";
		};
		C42591082B4A6435003063BB /* Datasource */ = {
			isa = PBXGroup;
			children = (
				C425910F2B4A6A0E003063BB /* Repositories */,
				C42591072B4A642E003063BB /* Services */,
				C425910C2B4A667E003063BB /* Providers */,
			);
			path = Datasource;
			sourceTree = "<group>";
		};
		C42591092B4A643C003063BB /* Core */ = {
			isa = PBXGroup;
			children = (
				C42591162B4A6D5D003063BB /* Enums */,
				C42590FF2B4A58B1003063BB /* Models */,
				C42591122B4A6D07003063BB /* Views */,
				C42591132B4A6D0F003063BB /* ViewModels */,
				C42590EB2B4A2B47003063BB /* NetReq_CachingApp.swift */,
			);
			path = Core;
			sourceTree = "<group>";
		};
		C425910C2B4A667E003063BB /* Providers */ = {
			isa = PBXGroup;
			children = (
				C425910D2B4A6690003063BB /* CoreDataStack.swift */,
				C42590FC2B4A3865003063BB /* NetReqCachingDataModel.xcdatamodeld */,
			);
			path = Providers;
			sourceTree = "<group>";
		};
		C425910F2B4A6A0E003063BB /* Repositories */ = {
			isa = PBXGroup;
			children = (
				C42591102B4A6A1F003063BB /* FakeStoreAPIRepository.swift */,
			);
			path = Repositories;
			sourceTree = "<group>";
		};
		C42591122B4A6D07003063BB /* Views */ = {
			isa = PBXGroup;
			children = (
				C42591192B4A6D97003063BB /* ProductGridView.swift */,
				C425911B2B4A6DAB003063BB /* Components */,
			);
			path = Views;
			sourceTree = "<group>";
		};
		C42591132B4A6D0F003063BB /* ViewModels */ = {
			isa = PBXGroup;
			children = (
				C42591142B4A6D3B003063BB /* ProductGridViewModel.swift */,
			);
			path = ViewModels;
			sourceTree = "<group>";
		};
		C42591162B4A6D5D003063BB /* Enums */ = {
			isa = PBXGroup;
			children = (
				C42591172B4A6D6D003063BB /* AppStateEnum.swift */,
			);
			path = Enums;
			sourceTree = "<group>";
		};
		C425911B2B4A6DAB003063BB /* Components */ = {
			isa = PBXGroup;
			children = (
				C425911C2B4A6E20003063BB /* ProductCardComponent.swift */,
			);
			path = Components;
			sourceTree = "<group>";
		};
/* End PBXGroup section */

/* Begin PBXNativeTarget section */
		C42590E72B4A2B47003063BB /* NetReq Caching */ = {
			isa = PBXNativeTarget;
			buildConfigurationList = C42590F62B4A2B48003063BB /* Build configuration list for PBXNativeTarget "NetReq Caching" */;
			buildPhases = (
				C42590E42B4A2B47003063BB /* Sources */,
				C42590E52B4A2B47003063BB /* Frameworks */,
				C42590E62B4A2B47003063BB /* Resources */,
			);
			buildRules = (
			);
			dependencies = (
			);
			name = "NetReq Caching";
			productName = "NetReq Caching";
			productReference = C42590E82B4A2B47003063BB /* NetReq Caching.app */;
			productType = "com.apple.product-type.application";
		};
/* End PBXNativeTarget section */

/* Begin PBXProject section */
		C42590E02B4A2B47003063BB /* Project object */ = {
			isa = PBXProject;
			attributes = {
				BuildIndependentTargetsInParallel = 1;
				LastSwiftUpdateCheck = 1510;
				LastUpgradeCheck = 1510;
				TargetAttributes = {
					C42590E72B4A2B47003063BB = {
						CreatedOnToolsVersion = 15.1;
					};
				};
			};
			buildConfigurationList = C42590E32B4A2B47003063BB /* Build configuration list for PBXProject "NetReq Caching" */;
			compatibilityVersion = "Xcode 14.0";
			developmentRegion = en;
			hasScannedForEncodings = 0;
			knownRegions = (
				en,
				Base,
			);
			mainGroup = C42590DF2B4A2B47003063BB;
			productRefGroup = C42590E92B4A2B47003063BB /* Products */;
			projectDirPath = "";
			projectRoot = "";
			targets = (
				C42590E72B4A2B47003063BB /* NetReq Caching */,
			);
		};
/* End PBXProject section */

/* Begin PBXResourcesBuildPhase section */
		C42590E62B4A2B47003063BB /* Resources */ = {
			isa = PBXResourcesBuildPhase;
			buildActionMask = 2147483647;
			files = (
				C42590F32B4A2B48003063BB /* Preview Assets.xcassets in Resources */,
				C42590F02B4A2B48003063BB /* Assets.xcassets in Resources */,
			);
			runOnlyForDeploymentPostprocessing = 0;
		};
/* End PBXResourcesBuildPhase section */

/* Begin PBXSourcesBuildPhase section */
		C42590E42B4A2B47003063BB /* Sources */ = {
			isa = PBXSourcesBuildPhase;
			buildActionMask = 2147483647;
			files = (
				C425910E2B4A6690003063BB /* CoreDataStack.swift in Sources */,
				C42591152B4A6D3B003063BB /* ProductGridViewModel.swift in Sources */,
				C425910B2B4A6450003063BB /* FakeStoreAPIService.swift in Sources */,
				C42591182B4A6D6D003063BB /* AppStateEnum.swift in Sources */,
				C42591012B4A58BD003063BB /* Product.swift in Sources */,
				C42591032B4A58C1003063BB /* Rating.swift in Sources */,
				C425911A2B4A6D97003063BB /* ProductGridView.swift in Sources */,
				C425911D2B4A6E20003063BB /* ProductCardComponent.swift in Sources */,
				C42591112B4A6A1F003063BB /* FakeStoreAPIRepository.swift in Sources */,
				C42590EC2B4A2B47003063BB /* NetReq_CachingApp.swift in Sources */,
				C42590FE2B4A3865003063BB /* NetReqCachingDataModel.xcdatamodeld in Sources */,
			);
			runOnlyForDeploymentPostprocessing = 0;
		};
/* End PBXSourcesBuildPhase section */

/* Begin XCBuildConfiguration section */
		C42590F42B4A2B48003063BB /* Debug */ = {
			isa = XCBuildConfiguration;
			buildSettings = {
				ALWAYS_SEARCH_USER_PATHS = NO;
				ASSETCATALOG_COMPILER_GENERATE_SWIFT_ASSET_SYMBOL_EXTENSIONS = YES;
				CLANG_ANALYZER_NONNULL = YES;
				CLANG_ANALYZER_NUMBER_OBJECT_CONVERSION = YES_AGGRESSIVE;
				CLANG_CXX_LANGUAGE_STANDARD = "gnu++20";
				CLANG_ENABLE_MODULES = YES;
				CLANG_ENABLE_OBJC_ARC = YES;
				CLANG_ENABLE_OBJC_WEAK = YES;
				CLANG_WARN_BLOCK_CAPTURE_AUTORELEASING = YES;
				CLANG_WARN_BOOL_CONVERSION = YES;
				CLANG_WARN_COMMA = YES;
				CLANG_WARN_CONSTANT_CONVERSION = YES;
				CLANG_WARN_DEPRECATED_OBJC_IMPLEMENTATIONS = YES;
				CLANG_WARN_DIRECT_OBJC_ISA_USAGE = YES_ERROR;
				CLANG_WARN_DOCUMENTATION_COMMENTS = YES;
				CLANG_WARN_EMPTY_BODY = YES;
				CLANG_WARN_ENUM_CONVERSION = YES;
				CLANG_WARN_INFINITE_RECURSION = YES;
				CLANG_WARN_INT_CONVERSION = YES;
				CLANG_WARN_NON_LITERAL_NULL_CONVERSION = YES;
				CLANG_WARN_OBJC_IMPLICIT_RETAIN_SELF = YES;
				CLANG_WARN_OBJC_LITERAL_CONVERSION = YES;
				CLANG_WARN_OBJC_ROOT_CLASS = YES_ERROR;
				CLANG_WARN_QUOTED_INCLUDE_IN_FRAMEWORK_HEADER = YES;
				CLANG_WARN_RANGE_LOOP_ANALYSIS = YES;
				CLANG_WARN_STRICT_PROTOTYPES = YES;
				CLANG_WARN_SUSPICIOUS_MOVE = YES;
				CLANG_WARN_UNGUARDED_AVAILABILITY = YES_AGGRESSIVE;
				CLANG_WARN_UNREACHABLE_CODE = YES;
				CLANG_WARN__DUPLICATE_METHOD_MATCH = YES;
				COPY_PHASE_STRIP = NO;
				DEBUG_INFORMATION_FORMAT = dwarf;
				ENABLE_STRICT_OBJC_MSGSEND = YES;
				ENABLE_TESTABILITY = YES;
				ENABLE_USER_SCRIPT_SANDBOXING = YES;
				GCC_C_LANGUAGE_STANDARD = gnu17;
				GCC_DYNAMIC_NO_PIC = NO;
				GCC_NO_COMMON_BLOCKS = YES;
				GCC_OPTIMIZATION_LEVEL = 0;
				GCC_PREPROCESSOR_DEFINITIONS = (
					"DEBUG=1",
					"$(inherited)",
				);
				GCC_WARN_64_TO_32_BIT_CONVERSION = YES;
				GCC_WARN_ABOUT_RETURN_TYPE = YES_ERROR;
				GCC_WARN_UNDECLARED_SELECTOR = YES;
				GCC_WARN_UNINITIALIZED_AUTOS = YES_AGGRESSIVE;
				GCC_WARN_UNUSED_FUNCTION = YES;
				GCC_WARN_UNUSED_VARIABLE = YES;
				IPHONEOS_DEPLOYMENT_TARGET = 17.2;
				LOCALIZATION_PREFERS_STRING_CATALOGS = YES;
				MTL_ENABLE_DEBUG_INFO = INCLUDE_SOURCE;
				MTL_FAST_MATH = YES;
				ONLY_ACTIVE_ARCH = YES;
				SDKROOT = iphoneos;
				SWIFT_ACTIVE_COMPILATION_CONDITIONS = "DEBUG $(inherited)";
				SWIFT_OPTIMIZATION_LEVEL = "-Onone";
			};
			name = Debug;
		};
		C42590F52B4A2B48003063BB /* Release */ = {
			isa = XCBuildConfiguration;
			buildSettings = {
				ALWAYS_SEARCH_USER_PATHS = NO;
				ASSETCATALOG_COMPILER_GENERATE_SWIFT_ASSET_SYMBOL_EXTENSIONS = YES;
				CLANG_ANALYZER_NONNULL = YES;
				CLANG_ANALYZER_NUMBER_OBJECT_CONVERSION = YES_AGGRESSIVE;
				CLANG_CXX_LANGUAGE_STANDARD = "gnu++20";
				CLANG_ENABLE_MODULES = YES;
				CLANG_ENABLE_OBJC_ARC = YES;
				CLANG_ENABLE_OBJC_WEAK = YES;
				CLANG_WARN_BLOCK_CAPTURE_AUTORELEASING = YES;
				CLANG_WARN_BOOL_CONVERSION = YES;
				CLANG_WARN_COMMA = YES;
				CLANG_WARN_CONSTANT_CONVERSION = YES;
				CLANG_WARN_DEPRECATED_OBJC_IMPLEMENTATIONS = YES;
				CLANG_WARN_DIRECT_OBJC_ISA_USAGE = YES_ERROR;
				CLANG_WARN_DOCUMENTATION_COMMENTS = YES;
				CLANG_WARN_EMPTY_BODY = YES;
				CLANG_WARN_ENUM_CONVERSION = YES;
				CLANG_WARN_INFINITE_RECURSION = YES;
				CLANG_WARN_INT_CONVERSION = YES;
				CLANG_WARN_NON_LITERAL_NULL_CONVERSION = YES;
				CLANG_WARN_OBJC_IMPLICIT_RETAIN_SELF = YES;
				CLANG_WARN_OBJC_LITERAL_CONVERSION = YES;
				CLANG_WARN_OBJC_ROOT_CLASS = YES_ERROR;
				CLANG_WARN_QUOTED_INCLUDE_IN_FRAMEWORK_HEADER = YES;
				CLANG_WARN_RANGE_LOOP_ANALYSIS = YES;
				CLANG_WARN_STRICT_PROTOTYPES = YES;
				CLANG_WARN_SUSPICIOUS_MOVE = YES;
				CLANG_WARN_UNGUARDED_AVAILABILITY = YES_AGGRESSIVE;
				CLANG_WARN_UNREACHABLE_CODE = YES;
				CLANG_WARN__DUPLICATE_METHOD_MATCH = YES;
				COPY_PHASE_STRIP = NO;
				DEBUG_INFORMATION_FORMAT = "dwarf-with-dsym";
				ENABLE_NS_ASSERTIONS = NO;
				ENABLE_STRICT_OBJC_MSGSEND = YES;
				ENABLE_USER_SCRIPT_SANDBOXING = YES;
				GCC_C_LANGUAGE_STANDARD = gnu17;
				GCC_NO_COMMON_BLOCKS = YES;
				GCC_WARN_64_TO_32_BIT_CONVERSION = YES;
				GCC_WARN_ABOUT_RETURN_TYPE = YES_ERROR;
				GCC_WARN_UNDECLARED_SELECTOR = YES;
				GCC_WARN_UNINITIALIZED_AUTOS = YES_AGGRESSIVE;
				GCC_WARN_UNUSED_FUNCTION = YES;
				GCC_WARN_UNUSED_VARIABLE = YES;
				IPHONEOS_DEPLOYMENT_TARGET = 17.2;
				LOCALIZATION_PREFERS_STRING_CATALOGS = YES;
				MTL_ENABLE_DEBUG_INFO = NO;
				MTL_FAST_MATH = YES;
				SDKROOT = iphoneos;
				SWIFT_COMPILATION_MODE = wholemodule;
				VALIDATE_PRODUCT = YES;
			};
			name = Release;
		};
		C42590F72B4A2B48003063BB /* Debug */ = {
			isa = XCBuildConfiguration;
			buildSettings = {
				ASSETCATALOG_COMPILER_APPICON_NAME = AppIcon;
				ASSETCATALOG_COMPILER_GLOBAL_ACCENT_COLOR_NAME = AccentColor;
				CODE_SIGN_STYLE = Automatic;
				CURRENT_PROJECT_VERSION = 1;
				DEVELOPMENT_ASSET_PATHS = "\"NetReq Caching/Preview Content\"";
				DEVELOPMENT_TEAM = WRQ5UZA34D;
				ENABLE_PREVIEWS = YES;
				GENERATE_INFOPLIST_FILE = YES;
				INFOPLIST_KEY_UIApplicationSceneManifest_Generation = YES;
				INFOPLIST_KEY_UIApplicationSupportsIndirectInputEvents = YES;
				INFOPLIST_KEY_UILaunchScreen_Generation = YES;
				INFOPLIST_KEY_UISupportedInterfaceOrientations_iPad = "UIInterfaceOrientationPortrait UIInterfaceOrientationPortraitUpsideDown UIInterfaceOrientationLandscapeLeft UIInterfaceOrientationLandscapeRight";
				INFOPLIST_KEY_UISupportedInterfaceOrientations_iPhone = "UIInterfaceOrientationPortrait UIInterfaceOrientationLandscapeLeft UIInterfaceOrientationLandscapeRight";
				LD_RUNPATH_SEARCH_PATHS = (
					"$(inherited)",
					"@executable_path/Frameworks",
				);
				MARKETING_VERSION = 1.0;
				PRODUCT_BUNDLE_IDENTIFIER = "com.fernandoptr.NetReq-Caching";
				PRODUCT_NAME = "$(TARGET_NAME)";
				SWIFT_EMIT_LOC_STRINGS = YES;
				SWIFT_VERSION = 5.0;
				TARGETED_DEVICE_FAMILY = "1,2";
			};
			name = Debug;
		};
		C42590F82B4A2B48003063BB /* Release */ = {
			isa = XCBuildConfiguration;
			buildSettings = {
				ASSETCATALOG_COMPILER_APPICON_NAME = AppIcon;
				ASSETCATALOG_COMPILER_GLOBAL_ACCENT_COLOR_NAME = AccentColor;
				CODE_SIGN_STYLE = Automatic;
				CURRENT_PROJECT_VERSION = 1;
				DEVELOPMENT_ASSET_PATHS = "\"NetReq Caching/Preview Content\"";
				DEVELOPMENT_TEAM = WRQ5UZA34D;
				ENABLE_PREVIEWS = YES;
				GENERATE_INFOPLIST_FILE = YES;
				INFOPLIST_KEY_UIApplicationSceneManifest_Generation = YES;
				INFOPLIST_KEY_UIApplicationSupportsIndirectInputEvents = YES;
				INFOPLIST_KEY_UILaunchScreen_Generation = YES;
				INFOPLIST_KEY_UISupportedInterfaceOrientations_iPad = "UIInterfaceOrientationPortrait UIInterfaceOrientationPortraitUpsideDown UIInterfaceOrientationLandscapeLeft UIInterfaceOrientationLandscapeRight";
				INFOPLIST_KEY_UISupportedInterfaceOrientations_iPhone = "UIInterfaceOrientationPortrait UIInterfaceOrientationLandscapeLeft UIInterfaceOrientationLandscapeRight";
				LD_RUNPATH_SEARCH_PATHS = (
					"$(inherited)",
					"@executable_path/Frameworks",
				);
				MARKETING_VERSION = 1.0;
				PRODUCT_BUNDLE_IDENTIFIER = "com.fernandoptr.NetReq-Caching";
				PRODUCT_NAME = "$(TARGET_NAME)";
				SWIFT_EMIT_LOC_STRINGS = YES;
				SWIFT_VERSION = 5.0;
				TARGETED_DEVICE_FAMILY = "1,2";
			};
			name = Release;
		};
/* End XCBuildConfiguration section */

/* Begin XCConfigurationList section */
		C42590E32B4A2B47003063BB /* Build configuration list for PBXProject "NetReq Caching" */ = {
			isa = XCConfigurationList;
			buildConfigurations = (
				C42590F42B4A2B48003063BB /* Debug */,
				C42590F52B4A2B48003063BB /* Release */,
			);
			defaultConfigurationIsVisible = 0;
			defaultConfigurationName = Release;
		};
		C42590F62B4A2B48003063BB /* Build configuration list for PBXNativeTarget "NetReq Caching" */ = {
			isa = XCConfigurationList;
			buildConfigurations = (
				C42590F72B4A2B48003063BB /* Debug */,
				C42590F82B4A2B48003063BB /* Release */,
			);
			defaultConfigurationIsVisible = 0;
			defaultConfigurationName = Release;
		};
/* End XCConfigurationList section */

/* Begin XCVersionGroup section */
		C42590FC2B4A3865003063BB /* NetReqCachingDataModel.xcdatamodeld */ = {
			isa = XCVersionGroup;
			children = (
				C42590FD2B4A3865003063BB /* NetReqCachingDataModel.xcdatamodel */,
			);
			currentVersion = C42590FD2B4A3865003063BB /* NetReqCachingDataModel.xcdatamodel */;
			path = NetReqCachingDataModel.xcdatamodeld;
			sourceTree = "<group>";
			versionGroupType = wrapper.xcdatamodel;
		};
/* End XCVersionGroup section */
	};
	rootObject = C42590E02B4A2B47003063BB /* Project object */;
}
